
Microsoft Visual Studio Solution File, Format Version 12.00
# Visual Studio Version 17
VisualStudioVersion = 17.2.32630.192
MinimumVisualStudioVersion = 10.0.40219.1
Project("{8BC9CEB8-8B4A-11D0-8D11-00A0C91BC942}") = "mpp", "mpp\mpp.vcxproj", "{E163155D-8D27-47E9-AD64-E4E13C6004D6}"
EndProject
Project("{8BC9CEB8-8B4A-11D0-8D11-00A0C91BC942}") = "mpp-client", "mpp-client\mpp-client.vcxproj", "{76A08B15-ABF0-48D7-9AE7-5C5A16A6DBEE}"
EndProject
Global
	GlobalSection(SolutionConfigurationPlatforms) = preSolution
		Debug|ARM64 = Debug|ARM64
		Debug|x64 = Debug|x64
		Debug|x86 = Debug|x86
		Release|ARM64 = Release|ARM64
		Release|x64 = Release|x64
		Release|x86 = Release|x86
	EndGlobalSection
	GlobalSection(ProjectConfigurationPlatforms) = postSolution
		{E163155D-8D27-47E9-AD64-E4E13C6004D6}.Debug|ARM64.ActiveCfg = Debug|ARM64
		{E163155D-8D27-47E9-AD64-E4E13C6004D6}.Debug|ARM64.Build.0 = Debug|ARM64
		{E163155D-8D27-47E9-AD64-E4E13C6004D6}.Debug|ARM64.Deploy.0 = Debug|ARM64
		{E163155D-8D27-47E9-AD64-E4E13C6004D6}.Debug|x64.ActiveCfg = Debug|x64
		{E163155D-8D27-47E9-AD64-E4E13C6004D6}.Debug|x64.Build.0 = Debug|x64
		{E163155D-8D27-47E9-AD64-E4E13C6004D6}.Debug|x64.Deploy.0 = Debug|x64
		{E163155D-8D27-47E9-AD64-E4E13C6004D6}.Debug|x86.ActiveCfg = Debug|x64
		{E163155D-8D27-47E9-AD64-E4E13C6004D6}.Debug|x86.Build.0 = Debug|x64
		{E163155D-8D27-47E9-AD64-E4E13C6004D6}.Debug|x86.Deploy.0 = Debug|x64
		{E163155D-8D27-47E9-AD64-E4E13C6004D6}.Release|ARM64.ActiveCfg = Release|ARM64
		{E163155D-8D27-47E9-AD64-E4E13C6004D6}.Release|ARM64.Build.0 = Release|ARM64
		{E163155D-8D27-47E9-AD64-E4E13C6004D6}.Release|ARM64.Deploy.0 = Release|ARM64
		{E163155D-8D27-47E9-AD64-E4E13C6004D6}.Release|x64.ActiveCfg = Release|x64
		{E163155D-8D27-47E9-AD64-E4E13C6004D6}.Release|x64.Build.0 = Release|x64
		{E163155D-8D27-47E9-AD64-E4E13C6004D6}.Release|x64.Deploy.0 = Release|x64
		{E163155D-8D27-47E9-AD64-E4E13C6004D6}.Release|x86.ActiveCfg = Release|x64
		{E163155D-8D27-47E9-AD64-E4E13C6004D6}.Release|x86.Build.0 = Release|x64
		{E163155D-8D27-47E9-AD64-E4E13C6004D6}.Release|x86.Deploy.0 = Release|x64
		{76A08B15-ABF0-48D7-9AE7-5C5A16A6DBEE}.Debug|ARM64.ActiveCfg = Debug|x64
		{76A08B15-ABF0-48D7-9AE7-5C5A16A6DBEE}.Debug|ARM64.Build.0 = Debug|x64
		{76A08B15-ABF0-48D7-9AE7-5C5A16A6DBEE}.Debug|x64.ActiveCfg = Debug|x64
		{76A08B15-ABF0-48D7-9AE7-5C5A16A6DBEE}.Debug|x64.Build.0 = Debug|x64
		{76A08B15-ABF0-48D7-9AE7-5C5A16A6DBEE}.Debug|x86.ActiveCfg = Debug|Win32
		{76A08B15-ABF0-48D7-9AE7-5C5A16A6DBEE}.Debug|x86.Build.0 = Debug|Win32
		{76A08B15-ABF0-48D7-9AE7-5C5A16A6DBEE}.Release|ARM64.ActiveCfg = Release|x64
		{76A08B15-ABF0-48D7-9AE7-5C5A16A6DBEE}.Release|ARM64.Build.0 = Release|x64
		{76A08B15-ABF0-48D7-9AE7-5C5A16A6DBEE}.Release|x64.ActiveCfg = Release|x64
		{76A08B15-ABF0-48D7-9AE7-5C5A16A6DBEE}.Release|x64.Build.0 = Release|x64
		{76A08B15-ABF0-48D7-9AE7-5C5A16A6DBEE}.Release|x86.ActiveCfg = Release|Win32
		{76A08B15-ABF0-48D7-9AE7-5C5A16A6DBEE}.Release|x86.Build.0 = Release|Win32
	EndGlobalSection
	GlobalSection(SolutionProperties) = preSolution
		HideSolutionNode = FALSE
	EndGlobalSection
	GlobalSection(ExtensibilityGlobals) = postSolution
		SolutionGuid = {85F6AD36-4300-436C-B671-EA3E3F356951}
	EndGlobalSection
EndGlobal
